
Microsoft Visual Studio Solution File, Format Version 12.00
# Visual Studio 15
Project("{FAE04EC0-301F-11D3-BF4B-00C04F79EFBC}") = "VuforiaScripts", "VuforiaScripts.csproj", "{067AC729-D98E-AC1D-15A8-1A0646A97F57}"
EndProject
Project("{FAE04EC0-301F-11D3-BF4B-00C04F79EFBC}") = "VuforiaEditorScripts", "VuforiaEditorScripts.csproj", "{2BF5C50A-BA48-2DDB-54EC-542617457178}"
EndProject
Global
	GlobalSection(SolutionConfigurationPlatforms) = preSolution
		Debug|Any CPU = Debug|Any CPU
		Release|Any CPU = Release|Any CPU
	EndGlobalSection
	GlobalSection(ProjectConfigurationPlatforms) = postSolution
		{067AC729-D98E-AC1D-15A8-1A0646A97F57}.Debug|Any CPU.ActiveCfg = Debug|Any CPU
		{067AC729-D98E-AC1D-15A8-1A0646A97F57}.Debug|Any CPU.Build.0 = Debug|Any CPU
		{067AC729-D98E-AC1D-15A8-1A0646A97F57}.Release|Any CPU.ActiveCfg = Release|Any CPU
		{067AC729-D98E-AC1D-15A8-1A0646A97F57}.Release|Any CPU.Build.0 = Release|Any CPU
		{2BF5C50A-BA48-2DDB-54EC-542617457178}.Debug|Any CPU.ActiveCfg = Debug|Any CPU
		{2BF5C50A-BA48-2DDB-54EC-542617457178}.Debug|Any CPU.Build.0 = Debug|Any CPU
		{2BF5C50A-BA48-2DDB-54EC-542617457178}.Release|Any CPU.ActiveCfg = Release|Any CPU
		{2BF5C50A-BA48-2DDB-54EC-542617457178}.Release|Any CPU.Build.0 = Release|Any CPU
	EndGlobalSection
	GlobalSection(SolutionProperties) = preSolution
		HideSolutionNode = FALSE
	EndGlobalSection
	GlobalSection(MonoDevelopProperties) = preSolution
		StartupItem = Assembly-CSharp.csproj
	EndGlobalSection
EndGlobal
